
Microsoft Visual Studio Solution File, Format Version 12.00
# Visual Studio Version 17
VisualStudioVersion = 17.12.35514.174 d17.12
MinimumVisualStudioVersion = 10.0.40219.1
Project("{FAE04EC0-301F-11D3-BF4B-00C04F79EFBC}") = "De01", "De01\De01.csproj", "{248F814D-3DA6-48E4-867F-517EF2126C4C}"
EndProject
Global
	GlobalSection(SolutionConfigurationPlatforms) = preSolution
		Debug|Any CPU = Debug|Any CPU
		Release|Any CPU = Release|Any CPU
	EndGlobalSection
	GlobalSection(ProjectConfigurationPlatforms) = postSolution
		{248F814D-3DA6-48E4-867F-517EF2126C4C}.Debug|Any CPU.ActiveCfg = Debug|Any CPU
		{248F814D-3DA6-48E4-867F-517EF2126C4C}.Debug|Any CPU.Build.0 = Debug|Any CPU
		{248F814D-3DA6-48E4-867F-517EF2126C4C}.Release|Any CPU.ActiveCfg = Release|Any CPU
		{248F814D-3DA6-48E4-867F-517EF2126C4C}.Release|Any CPU.Build.0 = Release|Any CPU
	EndGlobalSection
	GlobalSection(SolutionProperties) = preSolution
		HideSolutionNode = FALSE
	EndGlobalSection
EndGlobal
